
Microsoft Visual Studio Solution File, Format Version 12.00
# Visual Studio 15
VisualStudioVersion = 15.0.27703.2035
MinimumVisualStudioVersion = 10.0.40219.1
Project("{9A19103F-16F7-4668-BE54-9A1E7A4F7556}") = "SCurry.Builders", "SCurry.Builders\SCurry.Builders.csproj", "{EF712C3B-3BEE-4DF4-932C-067FD94BDF84}"
EndProject
Project("{9A19103F-16F7-4668-BE54-9A1E7A4F7556}") = "SCurry.Builders.Tests", "SCurry.Builders.Tests\SCurry.Builders.Tests.csproj", "{4E9B6E32-424C-4AF0-BE8D-D6EA9BE6BAA6}"
EndProject
Global
	GlobalSection(SolutionConfigurationPlatforms) = preSolution
		Debug|Any CPU = Debug|Any CPU
		Release|Any CPU = Release|Any CPU
	EndGlobalSection
	GlobalSection(ProjectConfigurationPlatforms) = postSolution
		{EF712C3B-3BEE-4DF4-932C-067FD94BDF84}.Debug|Any CPU.ActiveCfg = Debug|Any CPU
		{EF712C3B-3BEE-4DF4-932C-067FD94BDF84}.Debug|Any CPU.Build.0 = Debug|Any CPU
		{EF712C3B-3BEE-4DF4-932C-067FD94BDF84}.Release|Any CPU.ActiveCfg = Release|Any CPU
		{EF712C3B-3BEE-4DF4-932C-067FD94BDF84}.Release|Any CPU.Build.0 = Release|Any CPU
		{4E9B6E32-424C-4AF0-BE8D-D6EA9BE6BAA6}.Debug|Any CPU.ActiveCfg = Debug|Any CPU
		{4E9B6E32-424C-4AF0-BE8D-D6EA9BE6BAA6}.Debug|Any CPU.Build.0 = Debug|Any CPU
		{4E9B6E32-424C-4AF0-BE8D-D6EA9BE6BAA6}.Release|Any CPU.ActiveCfg = Release|Any CPU
		{4E9B6E32-424C-4AF0-BE8D-D6EA9BE6BAA6}.Release|Any CPU.Build.0 = Release|Any CPU
	EndGlobalSection
	GlobalSection(SolutionProperties) = preSolution
		HideSolutionNode = FALSE
	EndGlobalSection
	GlobalSection(ExtensibilityGlobals) = postSolution
		SolutionGuid = {43831CD2-E827-451C-98E6-E576D2E73033}
	EndGlobalSection
EndGlobal
