
Microsoft Visual Studio Solution File, Format Version 12.00
# Visual Studio Version 16
VisualStudioVersion = 16.0.30114.105
MinimumVisualStudioVersion = 10.0.40219.1
Project("{9A19103F-16F7-4668-BE54-9A1E7A4F7556}") = "SCurry.Tests", "..\src\SCurry.Tests\SCurry.Tests.csproj", "{DD58256C-E98A-4846-95F3-DED2ED41C0DA}"
EndProject
Project("{9A19103F-16F7-4668-BE54-9A1E7A4F7556}") = "SCurry", "..\src\SCurry\SCurry.csproj", "{12FA4BBD-B033-4DD0-BD5B-14D490E77EED}"
EndProject
Global
	GlobalSection(SolutionConfigurationPlatforms) = preSolution
		Debug|Any CPU = Debug|Any CPU
		Release|Any CPU = Release|Any CPU
	EndGlobalSection
	GlobalSection(ProjectConfigurationPlatforms) = postSolution
		{DD58256C-E98A-4846-95F3-DED2ED41C0DA}.Debug|Any CPU.ActiveCfg = Debug|Any CPU
		{DD58256C-E98A-4846-95F3-DED2ED41C0DA}.Debug|Any CPU.Build.0 = Debug|Any CPU
		{DD58256C-E98A-4846-95F3-DED2ED41C0DA}.Release|Any CPU.ActiveCfg = Release|Any CPU
		{DD58256C-E98A-4846-95F3-DED2ED41C0DA}.Release|Any CPU.Build.0 = Release|Any CPU
		{12FA4BBD-B033-4DD0-BD5B-14D490E77EED}.Debug|Any CPU.ActiveCfg = Debug|Any CPU
		{12FA4BBD-B033-4DD0-BD5B-14D490E77EED}.Debug|Any CPU.Build.0 = Debug|Any CPU
		{12FA4BBD-B033-4DD0-BD5B-14D490E77EED}.Release|Any CPU.ActiveCfg = Release|Any CPU
		{12FA4BBD-B033-4DD0-BD5B-14D490E77EED}.Release|Any CPU.Build.0 = Release|Any CPU
	EndGlobalSection
	GlobalSection(SolutionProperties) = preSolution
		HideSolutionNode = FALSE
	EndGlobalSection
	GlobalSection(ExtensibilityGlobals) = postSolution
		SolutionGuid = {43831CD2-E827-451C-98E6-E576D2E73033}
	EndGlobalSection
EndGlobal
